
Microsoft Visual Studio Solution File, Format Version 12.00
# Visual Studio Version 17
VisualStudioVersion = 17.3.32901.215
MinimumVisualStudioVersion = 10.0.40219.1
Project("{FAE04EC0-301F-11D3-BF4B-00C04F79EFBC}") = "prySotoPOO", "prySotoPOO.csproj", "{F3CDB1B8-F37E-47B7-8611-96A6A67F3A4D}"
EndProject
Global
	GlobalSection(SolutionConfigurationPlatforms) = preSolution
		Debug|Any CPU = Debug|Any CPU
		Release|Any CPU = Release|Any CPU
	EndGlobalSection
	GlobalSection(ProjectConfigurationPlatforms) = postSolution
		{F3CDB1B8-F37E-47B7-8611-96A6A67F3A4D}.Debug|Any CPU.ActiveCfg = Debug|Any CPU
		{F3CDB1B8-F37E-47B7-8611-96A6A67F3A4D}.Debug|Any CPU.Build.0 = Debug|Any CPU
		{F3CDB1B8-F37E-47B7-8611-96A6A67F3A4D}.Release|Any CPU.ActiveCfg = Release|Any CPU
		{F3CDB1B8-F37E-47B7-8611-96A6A67F3A4D}.Release|Any CPU.Build.0 = Release|Any CPU
	EndGlobalSection
	GlobalSection(SolutionProperties) = preSolution
		HideSolutionNode = FALSE
	EndGlobalSection
	GlobalSection(ExtensibilityGlobals) = postSolution
		SolutionGuid = {3CBA8686-E89A-4153-84BC-55C7A1E8B77E}
	EndGlobalSection
EndGlobal
